
Microsoft Visual Studio Solution File, Format Version 12.00
# Visual Studio Version 16
VisualStudioVersion = 16.0.29306.81
MinimumVisualStudioVersion = 10.0.40219.1
Project("{9A19103F-16F7-4668-BE54-9A1E7A4F7556}") = "Problem 1. Raw Data", "Problem 1. Raw Data\Problem 1. Raw Data.csproj", "{E0637911-DFF5-4A28-8B5B-9C94876BB984}"
EndProject
Project("{9A19103F-16F7-4668-BE54-9A1E7A4F7556}") = "Problem 2. Cars Salesman", "Problem 2. Cars Salesman\Problem 2. Cars Salesman.csproj", "{D859AB38-4384-4B88-90BC-D3127B29B68E}"
EndProject
Project("{9A19103F-16F7-4668-BE54-9A1E7A4F7556}") = "Problem 3. Jedi Galaxy", "Problem 3. Jedi Galaxy\Problem 3. Jedi Galaxy.csproj", "{81CAC68E-6C0E-495B-802E-07DE00949CCD}"
EndProject
Project("{9A19103F-16F7-4668-BE54-9A1E7A4F7556}") = "Problem 4. Hospital", "Problem 4. Hospital\Problem 4. Hospital.csproj", "{75FF00FF-C8A7-4281-8165-FEDD27C3332D}"
EndProject
Project("{9A19103F-16F7-4668-BE54-9A1E7A4F7556}") = "Problem 5. Greedy Times", "Problem 5. Greedy Times\Problem 5. Greedy Times.csproj", "{F82EE13B-CAFA-4D5A-8E9B-DC330F42E2AC}"
EndProject
Project("{9A19103F-16F7-4668-BE54-9A1E7A4F7556}") = "Problem 6. Sneaking", "Problem 6. Sneaking\Problem 6. Sneaking.csproj", "{71A35011-EF1F-475C-AF30-D3C3128F645D}"
EndProject
Project("{FAE04EC0-301F-11D3-BF4B-00C04F79EFBC}") = "01. Star counts", "01. Star counts\01. Star counts.csproj", "{5489491B-A898-44D5-BF86-0BC9EF7504E0}"
EndProject
Project("{FAE04EC0-301F-11D3-BF4B-00C04F79EFBC}") = "02. Point in rectangle", "02. Point in rectangle\02. Point in rectangle.csproj", "{85F328F7-2815-4A90-9716-18A911F7A482}"
EndProject
Global
	GlobalSection(SolutionConfigurationPlatforms) = preSolution
		Debug|Any CPU = Debug|Any CPU
		Release|Any CPU = Release|Any CPU
	EndGlobalSection
	GlobalSection(ProjectConfigurationPlatforms) = postSolution
		{E0637911-DFF5-4A28-8B5B-9C94876BB984}.Debug|Any CPU.ActiveCfg = Debug|Any CPU
		{E0637911-DFF5-4A28-8B5B-9C94876BB984}.Debug|Any CPU.Build.0 = Debug|Any CPU
		{E0637911-DFF5-4A28-8B5B-9C94876BB984}.Release|Any CPU.ActiveCfg = Release|Any CPU
		{E0637911-DFF5-4A28-8B5B-9C94876BB984}.Release|Any CPU.Build.0 = Release|Any CPU
		{D859AB38-4384-4B88-90BC-D3127B29B68E}.Debug|Any CPU.ActiveCfg = Debug|Any CPU
		{D859AB38-4384-4B88-90BC-D3127B29B68E}.Debug|Any CPU.Build.0 = Debug|Any CPU
		{D859AB38-4384-4B88-90BC-D3127B29B68E}.Release|Any CPU.ActiveCfg = Release|Any CPU
		{D859AB38-4384-4B88-90BC-D3127B29B68E}.Release|Any CPU.Build.0 = Release|Any CPU
		{81CAC68E-6C0E-495B-802E-07DE00949CCD}.Debug|Any CPU.ActiveCfg = Debug|Any CPU
		{81CAC68E-6C0E-495B-802E-07DE00949CCD}.Debug|Any CPU.Build.0 = Debug|Any CPU
		{81CAC68E-6C0E-495B-802E-07DE00949CCD}.Release|Any CPU.ActiveCfg = Release|Any CPU
		{81CAC68E-6C0E-495B-802E-07DE00949CCD}.Release|Any CPU.Build.0 = Release|Any CPU
		{75FF00FF-C8A7-4281-8165-FEDD27C3332D}.Debug|Any CPU.ActiveCfg = Debug|Any CPU
		{75FF00FF-C8A7-4281-8165-FEDD27C3332D}.Debug|Any CPU.Build.0 = Debug|Any CPU
		{75FF00FF-C8A7-4281-8165-FEDD27C3332D}.Release|Any CPU.ActiveCfg = Release|Any CPU
		{75FF00FF-C8A7-4281-8165-FEDD27C3332D}.Release|Any CPU.Build.0 = Release|Any CPU
		{F82EE13B-CAFA-4D5A-8E9B-DC330F42E2AC}.Debug|Any CPU.ActiveCfg = Debug|Any CPU
		{F82EE13B-CAFA-4D5A-8E9B-DC330F42E2AC}.Debug|Any CPU.Build.0 = Debug|Any CPU
		{F82EE13B-CAFA-4D5A-8E9B-DC330F42E2AC}.Release|Any CPU.ActiveCfg = Release|Any CPU
		{F82EE13B-CAFA-4D5A-8E9B-DC330F42E2AC}.Release|Any CPU.Build.0 = Release|Any CPU
		{71A35011-EF1F-475C-AF30-D3C3128F645D}.Debug|Any CPU.ActiveCfg = Debug|Any CPU
		{71A35011-EF1F-475C-AF30-D3C3128F645D}.Debug|Any CPU.Build.0 = Debug|Any CPU
		{71A35011-EF1F-475C-AF30-D3C3128F645D}.Release|Any CPU.ActiveCfg = Release|Any CPU
		{71A35011-EF1F-475C-AF30-D3C3128F645D}.Release|Any CPU.Build.0 = Release|Any CPU
		{5489491B-A898-44D5-BF86-0BC9EF7504E0}.Debug|Any CPU.ActiveCfg = Debug|Any CPU
		{5489491B-A898-44D5-BF86-0BC9EF7504E0}.Debug|Any CPU.Build.0 = Debug|Any CPU
		{5489491B-A898-44D5-BF86-0BC9EF7504E0}.Release|Any CPU.ActiveCfg = Release|Any CPU
		{5489491B-A898-44D5-BF86-0BC9EF7504E0}.Release|Any CPU.Build.0 = Release|Any CPU
		{85F328F7-2815-4A90-9716-18A911F7A482}.Debug|Any CPU.ActiveCfg = Debug|Any CPU
		{85F328F7-2815-4A90-9716-18A911F7A482}.Debug|Any CPU.Build.0 = Debug|Any CPU
		{85F328F7-2815-4A90-9716-18A911F7A482}.Release|Any CPU.ActiveCfg = Release|Any CPU
		{85F328F7-2815-4A90-9716-18A911F7A482}.Release|Any CPU.Build.0 = Release|Any CPU
	EndGlobalSection
	GlobalSection(SolutionProperties) = preSolution
		HideSolutionNode = FALSE
	EndGlobalSection
	GlobalSection(ExtensibilityGlobals) = postSolution
		SolutionGuid = {4411C30B-AC02-46D1-8F22-34496664346F}
	EndGlobalSection
EndGlobal
